
Microsoft Visual Studio Solution File, Format Version 12.00
# Visual Studio Version 17
VisualStudioVersion = 17.11.35208.52
MinimumVisualStudioVersion = 10.0.40219.1
Project("{FAE04EC0-301F-11D3-BF4B-00C04F79EFBC}") = "BugReversalApp", "BugReversalApp\BugReversalApp.csproj", "{3FEDB8A8-CB56-4CC2-AA02-3A575A3ADA33}"
EndProject
Global
	GlobalSection(SolutionConfigurationPlatforms) = preSolution
		Debug|Any CPU = Debug|Any CPU
		Release|Any CPU = Release|Any CPU
	EndGlobalSection
	GlobalSection(ProjectConfigurationPlatforms) = postSolution
		{3FEDB8A8-CB56-4CC2-AA02-3A575A3ADA33}.Debug|Any CPU.ActiveCfg = Debug|Any CPU
		{3FEDB8A8-CB56-4CC2-AA02-3A575A3ADA33}.Debug|Any CPU.Build.0 = Debug|Any CPU
		{3FEDB8A8-CB56-4CC2-AA02-3A575A3ADA33}.Release|Any CPU.ActiveCfg = Release|Any CPU
		{3FEDB8A8-CB56-4CC2-AA02-3A575A3ADA33}.Release|Any CPU.Build.0 = Release|Any CPU
	EndGlobalSection
	GlobalSection(SolutionProperties) = preSolution
		HideSolutionNode = FALSE
	EndGlobalSection
	GlobalSection(ExtensibilityGlobals) = postSolution
		SolutionGuid = {2E833369-884E-439A-88DE-F93A6DB5EC26}
	EndGlobalSection
EndGlobal
